// !$*UTF8*$!
{
	archiveVersion = 1;
	classes = {
	};
	objectVersion = 46;
	objects = {

/* Begin PBXBuildFile section */
		8040CBF91E5EE8BD00562C8A /* MenuItemModel.swift in Sources */ = {isa = PBXBuildFile; fileRef = 8040CBF81E5EE8BD00562C8A /* MenuItemModel.swift */; };
		8040CBFB1E5EEC2300562C8A /* CustomButton.swift in Sources */ = {isa = PBXBuildFile; fileRef = 8040CBFA1E5EEC2300562C8A /* CustomButton.swift */; };
		807E16641E13A4CA004A4121 /* UtilityClass.swift in Sources */ = {isa = PBXBuildFile; fileRef = 807E16631E13A4CA004A4121 /* UtilityClass.swift */; };
		80DD9F1C1DD42DF600EE4804 /* AppDelegate.swift in Sources */ = {isa = PBXBuildFile; fileRef = 80DD9F1B1DD42DF600EE4804 /* AppDelegate.swift */; };
		80DD9F1E1DD42DF600EE4804 /* ViewController.swift in Sources */ = {isa = PBXBuildFile; fileRef = 80DD9F1D1DD42DF600EE4804 /* ViewController.swift */; };
		80DD9F201DD42DF600EE4804 /* Assets.xcassets in Resources */ = {isa = PBXBuildFile; fileRef = 80DD9F1F1DD42DF600EE4804 /* Assets.xcassets */; };
		80DD9F2B1DD42E8D00EE4804 /* CustomView.swift in Sources */ = {isa = PBXBuildFile; fileRef = 80DD9F2A1DD42E8D00EE4804 /* CustomView.swift */; };
		80DD9F2D1DD42E9500EE4804 /* CustomView.xib in Resources */ = {isa = PBXBuildFile; fileRef = 80DD9F2C1DD42E9500EE4804 /* CustomView.xib */; };
		80DD9F351DD4562200EE4804 /* MainMenu.xib in Resources */ = {isa = PBXBuildFile; fileRef = 80DD9F341DD4562200EE4804 /* MainMenu.xib */; };
		80DD9F371DD4566200EE4804 /* StatusMenuController.swift in Sources */ = {isa = PBXBuildFile; fileRef = 80DD9F361DD4566200EE4804 /* StatusMenuController.swift */; };
		80DD9F3A1DD479F400EE4804 /* AppKit.framework in Frameworks */ = {isa = PBXBuildFile; fileRef = 80DD9F391DD479F400EE4804 /* AppKit.framework */; };
		80DD9F431DD4882100EE4804 /* Main.storyboard in Resources */ = {isa = PBXBuildFile; fileRef = 80DD9F411DD4882100EE4804 /* Main.storyboard */; };
/* End PBXBuildFile section */

/* Begin PBXFileReference section */
		8040CBF81E5EE8BD00562C8A /* MenuItemModel.swift */ = {isa = PBXFileReference; fileEncoding = 4; lastKnownFileType = sourcecode.swift; path = MenuItemModel.swift; sourceTree = "<group>"; };
		8040CBFA1E5EEC2300562C8A /* CustomButton.swift */ = {isa = PBXFileReference; fileEncoding = 4; lastKnownFileType = sourcecode.swift; path = CustomButton.swift; sourceTree = "<group>"; };
		807E16631E13A4CA004A4121 /* UtilityClass.swift */ = {isa = PBXFileReference; fileEncoding = 4; lastKnownFileType = sourcecode.swift; path = UtilityClass.swift; sourceTree = "<group>"; };
		80DD9F181DD42DF600EE4804 /* VisualEffectView.app */ = {isa = PBXFileReference; explicitFileType = wrapper.application; includeInIndex = 0; path = VisualEffectView.app; sourceTree = BUILT_PRODUCTS_DIR; };
		80DD9F1B1DD42DF600EE4804 /* AppDelegate.swift */ = {isa = PBXFileReference; lastKnownFileType = sourcecode.swift; path = AppDelegate.swift; sourceTree = "<group>"; };
		80DD9F1D1DD42DF600EE4804 /* ViewController.swift */ = {isa = PBXFileReference; lastKnownFileType = sourcecode.swift; path = ViewController.swift; sourceTree = "<group>"; };
		80DD9F1F1DD42DF600EE4804 /* Assets.xcassets */ = {isa = PBXFileReference; lastKnownFileType = folder.assetcatalog; path = Assets.xcassets; sourceTree = "<group>"; };
		80DD9F241DD42DF600EE4804 /* Info.plist */ = {isa = PBXFileReference; lastKnownFileType = text.plist.xml; path = Info.plist; sourceTree = "<group>"; };
		80DD9F2A1DD42E8D00EE4804 /* CustomView.swift */ = {isa = PBXFileReference; fileEncoding = 4; lastKnownFileType = sourcecode.swift; path = CustomView.swift; sourceTree = "<group>"; };
		80DD9F2C1DD42E9500EE4804 /* CustomView.xib */ = {isa = PBXFileReference; fileEncoding = 4; lastKnownFileType = file.xib; path = CustomView.xib; sourceTree = "<group>"; };
		80DD9F341DD4562200EE4804 /* MainMenu.xib */ = {isa = PBXFileReference; fileEncoding = 4; lastKnownFileType = file.xib; path = MainMenu.xib; sourceTree = "<group>"; };
		80DD9F361DD4566200EE4804 /* StatusMenuController.swift */ = {isa = PBXFileReference; fileEncoding = 4; lastKnownFileType = sourcecode.swift; path = StatusMenuController.swift; sourceTree = "<group>"; };
		80DD9F391DD479F400EE4804 /* AppKit.framework */ = {isa = PBXFileReference; lastKnownFileType = wrapper.framework; name = AppKit.framework; path = System/Library/Frameworks/AppKit.framework; sourceTree = SDKROOT; };
		80DD9F421DD4882100EE4804 /* Base */ = {isa = PBXFileReference; lastKnownFileType = file.storyboard; name = Base; path = Base.lproj/Main.storyboard; sourceTree = "<group>"; };
/* End PBXFileReference section */

/* Begin PBXFrameworksBuildPhase section */
		80DD9F151DD42DF600EE4804 /* Frameworks */ = {
			isa = PBXFrameworksBuildPhase;
			buildActionMask = 2147483647;
			files = (
				80DD9F3A1DD479F400EE4804 /* AppKit.framework in Frameworks */,
			);
			runOnlyForDeploymentPostprocessing = 0;
		};
/* End PBXFrameworksBuildPhase section */

/* Begin PBXGroup section */
		80DD9F0F1DD42DF600EE4804 = {
			isa = PBXGroup;
			children = (
				80DD9F1A1DD42DF600EE4804 /* VisualEffectView */,
				80DD9F191DD42DF600EE4804 /* Products */,
				80DD9F381DD479F400EE4804 /* Frameworks */,
			);
			sourceTree = "<group>";
		};
		80DD9F191DD42DF600EE4804 /* Products */ = {
			isa = PBXGroup;
			children = (
				80DD9F181DD42DF600EE4804 /* VisualEffectView.app */,
			);
			name = Products;
			sourceTree = "<group>";
		};
		80DD9F1A1DD42DF600EE4804 /* VisualEffectView */ = {
			isa = PBXGroup;
			children = (
				80DD9F1B1DD42DF600EE4804 /* AppDelegate.swift */,
				80DD9F1D1DD42DF600EE4804 /* ViewController.swift */,
				80DD9F1F1DD42DF600EE4804 /* Assets.xcassets */,
				80DD9F241DD42DF600EE4804 /* Info.plist */,
				80DD9F411DD4882100EE4804 /* Main.storyboard */,
				80DD9F2A1DD42E8D00EE4804 /* CustomView.swift */,
				80DD9F2C1DD42E9500EE4804 /* CustomView.xib */,
				80DD9F341DD4562200EE4804 /* MainMenu.xib */,
				80DD9F361DD4566200EE4804 /* StatusMenuController.swift */,
				807E16631E13A4CA004A4121 /* UtilityClass.swift */,
				8040CBF81E5EE8BD00562C8A /* MenuItemModel.swift */,
				8040CBFA1E5EEC2300562C8A /* CustomButton.swift */,
			);
			path = VisualEffectView;
			sourceTree = "<group>";
		};
		80DD9F381DD479F400EE4804 /* Frameworks */ = {
			isa = PBXGroup;
			children = (
				80DD9F391DD479F400EE4804 /* AppKit.framework */,
			);
			name = Frameworks;
			sourceTree = "<group>";
		};
/* End PBXGroup section */

/* Begin PBXNativeTarget section */
		80DD9F171DD42DF600EE4804 /* VisualEffectView */ = {
			isa = PBXNativeTarget;
			buildConfigurationList = 80DD9F271DD42DF600EE4804 /* Build configuration list for PBXNativeTarget "VisualEffectView" */;
			buildPhases = (
				80DD9F141DD42DF600EE4804 /* Sources */,
				80DD9F151DD42DF600EE4804 /* Frameworks */,
				80DD9F161DD42DF600EE4804 /* Resources */,
			);
			buildRules = (
			);
			dependencies = (
			);
			name = VisualEffectView;
			productName = VisualEffectView;
			productReference = 80DD9F181DD42DF600EE4804 /* VisualEffectView.app */;
			productType = "com.apple.product-type.application";
		};
/* End PBXNativeTarget section */

/* Begin PBXProject section */
		80DD9F101DD42DF600EE4804 /* Project object */ = {
			isa = PBXProject;
			attributes = {
				LastSwiftUpdateCheck = 0800;
				LastUpgradeCheck = 0820;
				ORGANIZATIONNAME = "Ruby Kaushik";
				TargetAttributes = {
					80DD9F171DD42DF600EE4804 = {
						CreatedOnToolsVersion = 8.0;
						ProvisioningStyle = Automatic;
					};
				};
			};
			buildConfigurationList = 80DD9F131DD42DF600EE4804 /* Build configuration list for PBXProject "VisualEffectView" */;
			compatibilityVersion = "Xcode 3.2";
			developmentRegion = English;
			hasScannedForEncodings = 0;
			knownRegions = (
				en,
				Base,
			);
			mainGroup = 80DD9F0F1DD42DF600EE4804;
			productRefGroup = 80DD9F191DD42DF600EE4804 /* Products */;
			projectDirPath = "";
			projectRoot = "";
			targets = (
				80DD9F171DD42DF600EE4804 /* VisualEffectView */,
			);
		};
/* End PBXProject section */

/* Begin PBXResourcesBuildPhase section */
		80DD9F161DD42DF600EE4804 /* Resources */ = {
			isa = PBXResourcesBuildPhase;
			buildActionMask = 2147483647;
			files = (
				80DD9F201DD42DF600EE4804 /* Assets.xcassets in Resources */,
				80DD9F351DD4562200EE4804 /* MainMenu.xib in Resources */,
				80DD9F431DD4882100EE4804 /* Main.storyboard in Resources */,
				80DD9F2D1DD42E9500EE4804 /* CustomView.xib in Resources */,
			);
			runOnlyForDeploymentPostprocessing = 0;
		};
/* End PBXResourcesBuildPhase section */

/* Begin PBXSourcesBuildPhase section */
		80DD9F141DD42DF600EE4804 /* Sources */ = {
			isa = PBXSourcesBuildPhase;
			buildActionMask = 2147483647;
			files = (
				80DD9F371DD4566200EE4804 /* StatusMenuController.swift in Sources */,
				80DD9F2B1DD42E8D00EE4804 /* CustomView.swift in Sources */,
				80DD9F1E1DD42DF600EE4804 /* ViewController.swift in Sources */,
				80DD9F1C1DD42DF600EE4804 /* AppDelegate.swift in Sources */,
				8040CBFB1E5EEC2300562C8A /* CustomButton.swift in Sources */,
				807E16641E13A4CA004A4121 /* UtilityClass.swift in Sources */,
				8040CBF91E5EE8BD00562C8A /* MenuItemModel.swift in Sources */,
			);
			runOnlyForDeploymentPostprocessing = 0;
		};
/* End PBXSourcesBuildPhase section */

/* Begin PBXVariantGroup section */
		80DD9F411DD4882100EE4804 /* Main.storyboard */ = {
			isa = PBXVariantGroup;
			children = (
				80DD9F421DD4882100EE4804 /* Base */,
			);
			name = Main.storyboard;
			sourceTree = "<group>";
		};
/* End PBXVariantGroup section */

/* Begin XCBuildConfiguration section */
		80DD9F251DD42DF600EE4804 /* Debug */ = {
			isa = XCBuildConfiguration;
			buildSettings = {
				ALWAYS_SEARCH_USER_PATHS = NO;
				CLANG_ANALYZER_NONNULL = YES;
				CLANG_CXX_LANGUAGE_STANDARD = "gnu++0x";
				CLANG_CXX_LIBRARY = "libc++";
				CLANG_ENABLE_MODULES = YES;
				CLANG_ENABLE_OBJC_ARC = YES;
				CLANG_WARN_BOOL_CONVERSION = YES;
				CLANG_WARN_CONSTANT_CONVERSION = YES;
				CLANG_WARN_DIRECT_OBJC_ISA_USAGE = YES_ERROR;
				CLANG_WARN_DOCUMENTATION_COMMENTS = YES;
				CLANG_WARN_EMPTY_BODY = YES;
				CLANG_WARN_ENUM_CONVERSION = YES;
				CLANG_WARN_INFINITE_RECURSION = YES;
				CLANG_WARN_INT_CONVERSION = YES;
				CLANG_WARN_OBJC_ROOT_CLASS = YES_ERROR;
				CLANG_WARN_SUSPICIOUS_MOVE = YES;
				CLANG_WARN_SUSPICIOUS_MOVES = YES;
				CLANG_WARN_UNREACHABLE_CODE = YES;
				CLANG_WARN__DUPLICATE_METHOD_MATCH = YES;
				CODE_SIGN_IDENTITY = "-";
				COPY_PHASE_STRIP = NO;
				DEBUG_INFORMATION_FORMAT = dwarf;
				ENABLE_STRICT_OBJC_MSGSEND = YES;
				ENABLE_TESTABILITY = YES;
				GCC_C_LANGUAGE_STANDARD = gnu99;
				GCC_DYNAMIC_NO_PIC = NO;
				GCC_NO_COMMON_BLOCKS = YES;
				GCC_OPTIMIZATION_LEVEL = 0;
				GCC_PREPROCESSOR_DEFINITIONS = (
					"DEBUG=1",
					"$(inherited)",
				);
				GCC_WARN_64_TO_32_BIT_CONVERSION = YES;
				GCC_WARN_ABOUT_RETURN_TYPE = YES_ERROR;
				GCC_WARN_UNDECLARED_SELECTOR = YES;
				GCC_WARN_UNINITIALIZED_AUTOS = YES_AGGRESSIVE;
				GCC_WARN_UNUSED_FUNCTION = YES;
				GCC_WARN_UNUSED_VARIABLE = YES;
				MACOSX_DEPLOYMENT_TARGET = 10.12;
				MTL_ENABLE_DEBUG_INFO = YES;
				ONLY_ACTIVE_ARCH = YES;
				SDKROOT = macosx;
				SWIFT_ACTIVE_COMPILATION_CONDITIONS = DEBUG;
				SWIFT_OPTIMIZATION_LEVEL = "-Onone";
			};
			name = Debug;
		};
		80DD9F261DD42DF600EE4804 /* Release */ = {
			isa = XCBuildConfiguration;
			buildSettings = {
				ALWAYS_SEARCH_USER_PATHS = NO;
				CLANG_ANALYZER_NONNULL = YES;
				CLANG_CXX_LANGUAGE_STANDARD = "gnu++0x";
				CLANG_CXX_LIBRARY = "libc++";
				CLANG_ENABLE_MODULES = YES;
				CLANG_ENABLE_OBJC_ARC = YES;
				CLANG_WARN_BOOL_CONVERSION = YES;
				CLANG_WARN_CONSTANT_CONVERSION = YES;
				CLANG_WARN_DIRECT_OBJC_ISA_USAGE = YES_ERROR;
				CLANG_WARN_DOCUMENTATION_COMMENTS = YES;
				CLANG_WARN_EMPTY_BODY = YES;
				CLANG_WARN_ENUM_CONVERSION = YES;
				CLANG_WARN_INFINITE_RECURSION = YES;
				CLANG_WARN_INT_CONVERSION = YES;
				CLANG_WARN_OBJC_ROOT_CLASS = YES_ERROR;
				CLANG_WARN_SUSPICIOUS_MOVE = YES;
				CLANG_WARN_SUSPICIOUS_MOVES = YES;
				CLANG_WARN_UNREACHABLE_CODE = YES;
				CLANG_WARN__DUPLICATE_METHOD_MATCH = YES;
				CODE_SIGN_IDENTITY = "-";
				COPY_PHASE_STRIP = NO;
				DEBUG_INFORMATION_FORMAT = "dwarf-with-dsym";
				ENABLE_NS_ASSERTIONS = NO;
				ENABLE_STRICT_OBJC_MSGSEND = YES;
				GCC_C_LANGUAGE_STANDARD = gnu99;
				GCC_NO_COMMON_BLOCKS = YES;
				GCC_WARN_64_TO_32_BIT_CONVERSION = YES;
				GCC_WARN_ABOUT_RETURN_TYPE = YES_ERROR;
				GCC_WARN_UNDECLARED_SELECTOR = YES;
				GCC_WARN_UNINITIALIZED_AUTOS = YES_AGGRESSIVE;
				GCC_WARN_UNUSED_FUNCTION = YES;
				GCC_WARN_UNUSED_VARIABLE = YES;
				MACOSX_DEPLOYMENT_TARGET = 10.12;
				MTL_ENABLE_DEBUG_INFO = NO;
				SDKROOT = macosx;
				SWIFT_OPTIMIZATION_LEVEL = "-Owholemodule";
			};
			name = Release;
		};
		80DD9F281DD42DF600EE4804 /* Debug */ = {
			isa = XCBuildConfiguration;
			buildSettings = {
				ASSETCATALOG_COMPILER_APPICON_NAME = AppIcon;
				COMBINE_HIDPI_IMAGES = YES;
				INFOPLIST_FILE = VisualEffectView/Info.plist;
				LD_RUNPATH_SEARCH_PATHS = "$(inherited) @executable_path/../Frameworks";
				MACOSX_DEPLOYMENT_TARGET = 10.12;
				PRODUCT_BUNDLE_IDENTIFIER = Myorg.VisualEffectView;
				PRODUCT_NAME = "$(TARGET_NAME)";
				SWIFT_VERSION = 3.0;
			};
			name = Debug;
		};
		80DD9F291DD42DF600EE4804 /* Release */ = {
			isa = XCBuildConfiguration;
			buildSettings = {
				ASSETCATALOG_COMPILER_APPICON_NAME = AppIcon;
				COMBINE_HIDPI_IMAGES = YES;
				INFOPLIST_FILE = VisualEffectView/Info.plist;
				LD_RUNPATH_SEARCH_PATHS = "$(inherited) @executable_path/../Frameworks";
				MACOSX_DEPLOYMENT_TARGET = 10.12;
				PRODUCT_BUNDLE_IDENTIFIER = Myorg.VisualEffectView;
				PRODUCT_NAME = "$(TARGET_NAME)";
				SWIFT_VERSION = 3.0;
			};
			name = Release;
		};
/* End XCBuildConfiguration section */

/* Begin XCConfigurationList section */
		80DD9F131DD42DF600EE4804 /* Build configuration list for PBXProject "VisualEffectView" */ = {
			isa = XCConfigurationList;
			buildConfigurations = (
				80DD9F251DD42DF600EE4804 /* Debug */,
				80DD9F261DD42DF600EE4804 /* Release */,
			);
			defaultConfigurationIsVisible = 0;
			defaultConfigurationName = Release;
		};
		80DD9F271DD42DF600EE4804 /* Build configuration list for PBXNativeTarget "VisualEffectView" */ = {
			isa = XCConfigurationList;
			buildConfigurations = (
				80DD9F281DD42DF600EE4804 /* Debug */,
				80DD9F291DD42DF600EE4804 /* Release */,
			);
			defaultConfigurationIsVisible = 0;
			defaultConfigurationName = Release;
		};
/* End XCConfigurationList section */
	};
	rootObject = 80DD9F101DD42DF600EE4804 /* Project object */;
}
